
Microsoft Visual Studio Solution File, Format Version 12.00
# Visual Studio Version 16
VisualStudioVersion = 16.0.810.18
MinimumVisualStudioVersion = 10.0.40219.1
Project("{FAE04EC0-301F-11D3-BF4B-00C04F79EFBC}") = "LABot", "LABot.csproj", "{222D8582-AC29-4CF2-8AD2-B1681D436F53}"
EndProject
Global
	GlobalSection(SolutionConfigurationPlatforms) = preSolution
		Debug|Any CPU = Debug|Any CPU
		Release|Any CPU = Release|Any CPU
	EndGlobalSection
	GlobalSection(ProjectConfigurationPlatforms) = postSolution
		{222D8582-AC29-4CF2-8AD2-B1681D436F53}.Debug|Any CPU.ActiveCfg = Debug|Any CPU
		{222D8582-AC29-4CF2-8AD2-B1681D436F53}.Debug|Any CPU.Build.0 = Debug|Any CPU
		{222D8582-AC29-4CF2-8AD2-B1681D436F53}.Release|Any CPU.ActiveCfg = Release|Any CPU
		{222D8582-AC29-4CF2-8AD2-B1681D436F53}.Release|Any CPU.Build.0 = Release|Any CPU
	EndGlobalSection
	GlobalSection(SolutionProperties) = preSolution
		HideSolutionNode = FALSE
	EndGlobalSection
	GlobalSection(ExtensibilityGlobals) = postSolution
		SolutionGuid = {1D9D9123-5E55-4B1B-928B-CE4D0A1D6054}
	EndGlobalSection
EndGlobal
