
Microsoft Visual Studio Solution File, Format Version 12.00
# Visual Studio Version 17
VisualStudioVersion = 17.0.31919.166
MinimumVisualStudioVersion = 10.0.40219.1
Project("{9A19103F-16F7-4668-BE54-9A1E7A4F7556}") = "Thirain.Data", "Thirain.Data.csproj", "{E65BF9A8-8789-4821-B253-C4EED6A2890F}"
EndProject
Global
	GlobalSection(SolutionConfigurationPlatforms) = preSolution
		Debug|Any CPU = Debug|Any CPU
		Release|Any CPU = Release|Any CPU
	EndGlobalSection
	GlobalSection(ProjectConfigurationPlatforms) = postSolution
		{E65BF9A8-8789-4821-B253-C4EED6A2890F}.Debug|Any CPU.ActiveCfg = Debug|Any CPU
		{E65BF9A8-8789-4821-B253-C4EED6A2890F}.Debug|Any CPU.Build.0 = Debug|Any CPU
		{E65BF9A8-8789-4821-B253-C4EED6A2890F}.Release|Any CPU.ActiveCfg = Release|Any CPU
		{E65BF9A8-8789-4821-B253-C4EED6A2890F}.Release|Any CPU.Build.0 = Release|Any CPU
	EndGlobalSection
	GlobalSection(SolutionProperties) = preSolution
		HideSolutionNode = FALSE
	EndGlobalSection
	GlobalSection(ExtensibilityGlobals) = postSolution
		SolutionGuid = {B1D10639-B25E-4FAD-831D-AA32316162B4}
	EndGlobalSection
EndGlobal
